
Microsoft Visual Studio Solution File, Format Version 12.00
# Visual Studio Version 17
VisualStudioVersion = 17.13.35825.156 d17.13
MinimumVisualStudioVersion = 10.0.40219.1
Project("{FAE04EC0-301F-11D3-BF4B-00C04F79EFBC}") = "SnickiUpgrades", "SnickiUpgrades\SnickiUpgrades.csproj", "{FADE8855-0BAE-4CD5-B626-5FBA1952C25B}"
EndProject
Global
	GlobalSection(SolutionConfigurationPlatforms) = preSolution
		Debug|Any CPU = Debug|Any CPU
		Release|Any CPU = Release|Any CPU
	EndGlobalSection
	GlobalSection(ProjectConfigurationPlatforms) = postSolution
		{FADE8855-0BAE-4CD5-B626-5FBA1952C25B}.Debug|Any CPU.ActiveCfg = Debug|Any CPU
		{FADE8855-0BAE-4CD5-B626-5FBA1952C25B}.Debug|Any CPU.Build.0 = Debug|Any CPU
		{FADE8855-0BAE-4CD5-B626-5FBA1952C25B}.Release|Any CPU.ActiveCfg = Release|Any CPU
		{FADE8855-0BAE-4CD5-B626-5FBA1952C25B}.Release|Any CPU.Build.0 = Release|Any CPU
	EndGlobalSection
	GlobalSection(SolutionProperties) = preSolution
		HideSolutionNode = FALSE
	EndGlobalSection
	GlobalSection(ExtensibilityGlobals) = postSolution
		SolutionGuid = {A861BA2F-6DB7-4009-B291-59F4B9BFBECC}
	EndGlobalSection
EndGlobal
